
Microsoft Visual Studio Solution File, Format Version 12.00
# Visual Studio Version 16
VisualStudioVersion = 25.0.1703.8
MinimumVisualStudioVersion = 10.0.40219.1
Project("{FAE04EC0-301F-11D3-BF4B-00C04F79EFBC}") = "SwitchCase", "SwitchCase\SwitchCase.csproj", "{2F9D13C2-802D-4CC9-B1EF-C328663E32AE}"
EndProject
Global
	GlobalSection(SolutionConfigurationPlatforms) = preSolution
		Debug|Any CPU = Debug|Any CPU
		Release|Any CPU = Release|Any CPU
	EndGlobalSection
	GlobalSection(ProjectConfigurationPlatforms) = postSolution
		{2F9D13C2-802D-4CC9-B1EF-C328663E32AE}.Debug|Any CPU.ActiveCfg = Debug|Any CPU
		{2F9D13C2-802D-4CC9-B1EF-C328663E32AE}.Debug|Any CPU.Build.0 = Debug|Any CPU
		{2F9D13C2-802D-4CC9-B1EF-C328663E32AE}.Release|Any CPU.ActiveCfg = Release|Any CPU
		{2F9D13C2-802D-4CC9-B1EF-C328663E32AE}.Release|Any CPU.Build.0 = Release|Any CPU
	EndGlobalSection
	GlobalSection(SolutionProperties) = preSolution
		HideSolutionNode = FALSE
	EndGlobalSection
	GlobalSection(ExtensibilityGlobals) = postSolution
		SolutionGuid = {A2127501-13F8-496B-9B98-B9F619FC9AFA}
	EndGlobalSection
EndGlobal
